// !$*UTF8*$!
{
	archiveVersion = 1;
	classes = {
	};
	objectVersion = 46;
	objects = {

/* Begin PBXBuildFile section */
		AF59290C1F64AB38007B29F3 /* main.swift in Sources */ = {isa = PBXBuildFile; fileRef = AF5929011F64AB38007B29F3 /* main.swift */; };
		AF59290D1F64AB38007B29F3 /* game.swift in Sources */ = {isa = PBXBuildFile; fileRef = AF5929021F64AB38007B29F3 /* game.swift */; };
		AF59290E1F64AB38007B29F3 /* player.swift in Sources */ = {isa = PBXBuildFile; fileRef = AF5929031F64AB38007B29F3 /* player.swift */; };
		AF59290F1F64AB38007B29F3 /* character.swift in Sources */ = {isa = PBXBuildFile; fileRef = AF5929041F64AB38007B29F3 /* character.swift */; };
		AF5929101F64AB38007B29F3 /* warrior.swift in Sources */ = {isa = PBXBuildFile; fileRef = AF5929051F64AB38007B29F3 /* warrior.swift */; };
		AF5929111F64AB38007B29F3 /* wizard.swift in Sources */ = {isa = PBXBuildFile; fileRef = AF5929061F64AB38007B29F3 /* wizard.swift */; };
		AF5929121F64AB38007B29F3 /* colossus.swift in Sources */ = {isa = PBXBuildFile; fileRef = AF5929071F64AB38007B29F3 /* colossus.swift */; };
		AF5929131F64AB38007B29F3 /* dwarf.swift in Sources */ = {isa = PBXBuildFile; fileRef = AF5929081F64AB38007B29F3 /* dwarf.swift */; };
		AF5929141F64AB38007B29F3 /* object.swift in Sources */ = {isa = PBXBuildFile; fileRef = AF5929091F64AB38007B29F3 /* object.swift */; };
		AF5929151F64AB38007B29F3 /* attackObject.swift in Sources */ = {isa = PBXBuildFile; fileRef = AF59290A1F64AB38007B29F3 /* attackObject.swift */; };
		AF5929161F64AB38007B29F3 /* magicObject.swift in Sources */ = {isa = PBXBuildFile; fileRef = AF59290B1F64AB38007B29F3 /* magicObject.swift */; };
		AFE1F6651F6663EB0057B71D /* spell.swift in Sources */ = {isa = PBXBuildFile; fileRef = AFE1F6641F6663EB0057B71D /* spell.swift */; };
		AFE1F6671F666B7E0057B71D /* attackSpell.swift in Sources */ = {isa = PBXBuildFile; fileRef = AFE1F6661F666B7E0057B71D /* attackSpell.swift */; };
/* End PBXBuildFile section */

/* Begin PBXCopyFilesBuildPhase section */
		AF7BD4181F27B65A004C233C /* CopyFiles */ = {
			isa = PBXCopyFilesBuildPhase;
			buildActionMask = 2147483647;
			dstPath = /usr/share/man/man1/;
			dstSubfolderSpec = 0;
			files = (
			);
			runOnlyForDeploymentPostprocessing = 1;
		};
/* End PBXCopyFilesBuildPhase section */

/* Begin PBXFileReference section */
		AF5929011F64AB38007B29F3 /* main.swift */ = {isa = PBXFileReference; fileEncoding = 4; lastKnownFileType = sourcecode.swift; path = main.swift; sourceTree = "<group>"; };
		AF5929021F64AB38007B29F3 /* game.swift */ = {isa = PBXFileReference; fileEncoding = 4; lastKnownFileType = sourcecode.swift; path = game.swift; sourceTree = "<group>"; };
		AF5929031F64AB38007B29F3 /* player.swift */ = {isa = PBXFileReference; fileEncoding = 4; lastKnownFileType = sourcecode.swift; path = player.swift; sourceTree = "<group>"; };
		AF5929041F64AB38007B29F3 /* character.swift */ = {isa = PBXFileReference; fileEncoding = 4; lastKnownFileType = sourcecode.swift; path = character.swift; sourceTree = "<group>"; };
		AF5929051F64AB38007B29F3 /* warrior.swift */ = {isa = PBXFileReference; fileEncoding = 4; lastKnownFileType = sourcecode.swift; path = warrior.swift; sourceTree = "<group>"; };
		AF5929061F64AB38007B29F3 /* wizard.swift */ = {isa = PBXFileReference; fileEncoding = 4; lastKnownFileType = sourcecode.swift; path = wizard.swift; sourceTree = "<group>"; };
		AF5929071F64AB38007B29F3 /* colossus.swift */ = {isa = PBXFileReference; fileEncoding = 4; lastKnownFileType = sourcecode.swift; path = colossus.swift; sourceTree = "<group>"; };
		AF5929081F64AB38007B29F3 /* dwarf.swift */ = {isa = PBXFileReference; fileEncoding = 4; lastKnownFileType = sourcecode.swift; path = dwarf.swift; sourceTree = "<group>"; };
		AF5929091F64AB38007B29F3 /* object.swift */ = {isa = PBXFileReference; fileEncoding = 4; lastKnownFileType = sourcecode.swift; path = object.swift; sourceTree = "<group>"; };
		AF59290A1F64AB38007B29F3 /* attackObject.swift */ = {isa = PBXFileReference; fileEncoding = 4; lastKnownFileType = sourcecode.swift; path = attackObject.swift; sourceTree = "<group>"; };
		AF59290B1F64AB38007B29F3 /* magicObject.swift */ = {isa = PBXFileReference; fileEncoding = 4; lastKnownFileType = sourcecode.swift; path = magicObject.swift; sourceTree = "<group>"; };
		AF7BD41A1F27B65A004C233C /* Projet3 */ = {isa = PBXFileReference; explicitFileType = "compiled.mach-o.executable"; includeInIndex = 0; path = Projet3; sourceTree = BUILT_PRODUCTS_DIR; };
		AFE1F6641F6663EB0057B71D /* spell.swift */ = {isa = PBXFileReference; fileEncoding = 4; lastKnownFileType = sourcecode.swift; path = spell.swift; sourceTree = "<group>"; };
		AFE1F6661F666B7E0057B71D /* attackSpell.swift */ = {isa = PBXFileReference; fileEncoding = 4; lastKnownFileType = sourcecode.swift; path = attackSpell.swift; sourceTree = "<group>"; };
/* End PBXFileReference section */

/* Begin PBXFrameworksBuildPhase section */
		AF7BD4171F27B65A004C233C /* Frameworks */ = {
			isa = PBXFrameworksBuildPhase;
			buildActionMask = 2147483647;
			files = (
			);
			runOnlyForDeploymentPostprocessing = 0;
		};
/* End PBXFrameworksBuildPhase section */

/* Begin PBXGroup section */
		AF7BD4111F27B65A004C233C = {
			isa = PBXGroup;
			children = (
				AF7BD41C1F27B65A004C233C /* Projet3 */,
				AF7BD41B1F27B65A004C233C /* Products */,
			);
			sourceTree = "<group>";
		};
		AF7BD41B1F27B65A004C233C /* Products */ = {
			isa = PBXGroup;
			children = (
				AF7BD41A1F27B65A004C233C /* Projet3 */,
			);
			name = Products;
			sourceTree = "<group>";
		};
		AF7BD41C1F27B65A004C233C /* Projet3 */ = {
			isa = PBXGroup;
			children = (
				AF5929011F64AB38007B29F3 /* main.swift */,
				AF5929021F64AB38007B29F3 /* game.swift */,
				AF5929031F64AB38007B29F3 /* player.swift */,
				AF5929041F64AB38007B29F3 /* character.swift */,
				AF5929051F64AB38007B29F3 /* warrior.swift */,
				AF5929061F64AB38007B29F3 /* wizard.swift */,
				AF5929071F64AB38007B29F3 /* colossus.swift */,
				AF5929081F64AB38007B29F3 /* dwarf.swift */,
				AF5929091F64AB38007B29F3 /* object.swift */,
				AF59290A1F64AB38007B29F3 /* attackObject.swift */,
				AF59290B1F64AB38007B29F3 /* magicObject.swift */,
				AFE1F6641F6663EB0057B71D /* spell.swift */,
				AFE1F6661F666B7E0057B71D /* attackSpell.swift */,
			);
			path = Projet3;
			sourceTree = "<group>";
		};
/* End PBXGroup section */

/* Begin PBXNativeTarget section */
		AF7BD4191F27B65A004C233C /* Projet3 */ = {
			isa = PBXNativeTarget;
			buildConfigurationList = AF7BD4211F27B65A004C233C /* Build configuration list for PBXNativeTarget "Projet3" */;
			buildPhases = (
				AF7BD4161F27B65A004C233C /* Sources */,
				AF7BD4171F27B65A004C233C /* Frameworks */,
				AF7BD4181F27B65A004C233C /* CopyFiles */,
			);
			buildRules = (
			);
			dependencies = (
			);
			name = Projet3;
			productName = Projet3;
			productReference = AF7BD41A1F27B65A004C233C /* Projet3 */;
			productType = "com.apple.product-type.tool";
		};
/* End PBXNativeTarget section */

/* Begin PBXProject section */
		AF7BD4121F27B65A004C233C /* Project object */ = {
			isa = PBXProject;
			attributes = {
				LastSwiftUpdateCheck = 0830;
				LastUpgradeCheck = 0830;
				ORGANIZATIONNAME = Mattkee;
				TargetAttributes = {
					AF7BD4191F27B65A004C233C = {
						CreatedOnToolsVersion = 8.3.3;
						LastSwiftMigration = 0830;
						ProvisioningStyle = Automatic;
					};
				};
			};
			buildConfigurationList = AF7BD4151F27B65A004C233C /* Build configuration list for PBXProject "Projet3" */;
			compatibilityVersion = "Xcode 3.2";
			developmentRegion = English;
			hasScannedForEncodings = 0;
			knownRegions = (
				en,
			);
			mainGroup = AF7BD4111F27B65A004C233C;
			productRefGroup = AF7BD41B1F27B65A004C233C /* Products */;
			projectDirPath = "";
			projectRoot = "";
			targets = (
				AF7BD4191F27B65A004C233C /* Projet3 */,
			);
		};
/* End PBXProject section */

/* Begin PBXSourcesBuildPhase section */
		AF7BD4161F27B65A004C233C /* Sources */ = {
			isa = PBXSourcesBuildPhase;
			buildActionMask = 2147483647;
			files = (
				AF5929151F64AB38007B29F3 /* attackObject.swift in Sources */,
				AF59290C1F64AB38007B29F3 /* main.swift in Sources */,
				AF59290E1F64AB38007B29F3 /* player.swift in Sources */,
				AF5929131F64AB38007B29F3 /* dwarf.swift in Sources */,
				AF59290D1F64AB38007B29F3 /* game.swift in Sources */,
				AF5929101F64AB38007B29F3 /* warrior.swift in Sources */,
				AFE1F6651F6663EB0057B71D /* spell.swift in Sources */,
				AF5929161F64AB38007B29F3 /* magicObject.swift in Sources */,
				AFE1F6671F666B7E0057B71D /* attackSpell.swift in Sources */,
				AF5929121F64AB38007B29F3 /* colossus.swift in Sources */,
				AF5929111F64AB38007B29F3 /* wizard.swift in Sources */,
				AF59290F1F64AB38007B29F3 /* character.swift in Sources */,
				AF5929141F64AB38007B29F3 /* object.swift in Sources */,
			);
			runOnlyForDeploymentPostprocessing = 0;
		};
/* End PBXSourcesBuildPhase section */

/* Begin XCBuildConfiguration section */
		AF7BD41F1F27B65A004C233C /* Debug */ = {
			isa = XCBuildConfiguration;
			buildSettings = {
				ALWAYS_SEARCH_USER_PATHS = NO;
				CLANG_ANALYZER_NONNULL = YES;
				CLANG_ANALYZER_NUMBER_OBJECT_CONVERSION = YES_AGGRESSIVE;
				CLANG_CXX_LANGUAGE_STANDARD = "gnu++0x";
				CLANG_CXX_LIBRARY = "libc++";
				CLANG_ENABLE_MODULES = YES;
				CLANG_ENABLE_OBJC_ARC = YES;
				CLANG_WARN_BOOL_CONVERSION = YES;
				CLANG_WARN_CONSTANT_CONVERSION = YES;
				CLANG_WARN_DIRECT_OBJC_ISA_USAGE = YES_ERROR;
				CLANG_WARN_DOCUMENTATION_COMMENTS = YES;
				CLANG_WARN_EMPTY_BODY = YES;
				CLANG_WARN_ENUM_CONVERSION = YES;
				CLANG_WARN_INFINITE_RECURSION = YES;
				CLANG_WARN_INT_CONVERSION = YES;
				CLANG_WARN_OBJC_ROOT_CLASS = YES_ERROR;
				CLANG_WARN_SUSPICIOUS_MOVE = YES;
				CLANG_WARN_UNREACHABLE_CODE = YES;
				CLANG_WARN__DUPLICATE_METHOD_MATCH = YES;
				CODE_SIGN_IDENTITY = "-";
				COPY_PHASE_STRIP = NO;
				DEBUG_INFORMATION_FORMAT = dwarf;
				ENABLE_STRICT_OBJC_MSGSEND = YES;
				ENABLE_TESTABILITY = YES;
				GCC_C_LANGUAGE_STANDARD = gnu99;
				GCC_DYNAMIC_NO_PIC = NO;
				GCC_NO_COMMON_BLOCKS = YES;
				GCC_OPTIMIZATION_LEVEL = 0;
				GCC_PREPROCESSOR_DEFINITIONS = (
					"DEBUG=1",
					"$(inherited)",
				);
				GCC_WARN_64_TO_32_BIT_CONVERSION = YES;
				GCC_WARN_ABOUT_RETURN_TYPE = YES_ERROR;
				GCC_WARN_UNDECLARED_SELECTOR = YES;
				GCC_WARN_UNINITIALIZED_AUTOS = YES_AGGRESSIVE;
				GCC_WARN_UNUSED_FUNCTION = YES;
				GCC_WARN_UNUSED_VARIABLE = YES;
				MACOSX_DEPLOYMENT_TARGET = 10.12;
				MTL_ENABLE_DEBUG_INFO = YES;
				ONLY_ACTIVE_ARCH = YES;
				SDKROOT = macosx;
				SWIFT_OPTIMIZATION_LEVEL = "-Onone";
			};
			name = Debug;
		};
		AF7BD4201F27B65A004C233C /* Release */ = {
			isa = XCBuildConfiguration;
			buildSettings = {
				ALWAYS_SEARCH_USER_PATHS = NO;
				CLANG_ANALYZER_NONNULL = YES;
				CLANG_ANALYZER_NUMBER_OBJECT_CONVERSION = YES_AGGRESSIVE;
				CLANG_CXX_LANGUAGE_STANDARD = "gnu++0x";
				CLANG_CXX_LIBRARY = "libc++";
				CLANG_ENABLE_MODULES = YES;
				CLANG_ENABLE_OBJC_ARC = YES;
				CLANG_WARN_BOOL_CONVERSION = YES;
				CLANG_WARN_CONSTANT_CONVERSION = YES;
				CLANG_WARN_DIRECT_OBJC_ISA_USAGE = YES_ERROR;
				CLANG_WARN_DOCUMENTATION_COMMENTS = YES;
				CLANG_WARN_EMPTY_BODY = YES;
				CLANG_WARN_ENUM_CONVERSION = YES;
				CLANG_WARN_INFINITE_RECURSION = YES;
				CLANG_WARN_INT_CONVERSION = YES;
				CLANG_WARN_OBJC_ROOT_CLASS = YES_ERROR;
				CLANG_WARN_SUSPICIOUS_MOVE = YES;
				CLANG_WARN_UNREACHABLE_CODE = YES;
				CLANG_WARN__DUPLICATE_METHOD_MATCH = YES;
				CODE_SIGN_IDENTITY = "-";
				COPY_PHASE_STRIP = NO;
				DEBUG_INFORMATION_FORMAT = "dwarf-with-dsym";
				ENABLE_NS_ASSERTIONS = NO;
				ENABLE_STRICT_OBJC_MSGSEND = YES;
				GCC_C_LANGUAGE_STANDARD = gnu99;
				GCC_NO_COMMON_BLOCKS = YES;
				GCC_WARN_64_TO_32_BIT_CONVERSION = YES;
				GCC_WARN_ABOUT_RETURN_TYPE = YES_ERROR;
				GCC_WARN_UNDECLARED_SELECTOR = YES;
				GCC_WARN_UNINITIALIZED_AUTOS = YES_AGGRESSIVE;
				GCC_WARN_UNUSED_FUNCTION = YES;
				GCC_WARN_UNUSED_VARIABLE = YES;
				MACOSX_DEPLOYMENT_TARGET = 10.12;
				MTL_ENABLE_DEBUG_INFO = NO;
				SDKROOT = macosx;
			};
			name = Release;
		};
		AF7BD4221F27B65A004C233C /* Debug */ = {
			isa = XCBuildConfiguration;
			buildSettings = {
				CLANG_ENABLE_MODULES = YES;
				LD_RUNPATH_SEARCH_PATHS = "$(inherited) @executable_path/../Frameworks @loader_path/../Frameworks";
				PRODUCT_NAME = "$(TARGET_NAME)";
				SWIFT_OPTIMIZATION_LEVEL = "-Onone";
				SWIFT_VERSION = 3.0;
			};
			name = Debug;
		};
		AF7BD4231F27B65A004C233C /* Release */ = {
			isa = XCBuildConfiguration;
			buildSettings = {
				CLANG_ENABLE_MODULES = YES;
				LD_RUNPATH_SEARCH_PATHS = "$(inherited) @executable_path/../Frameworks @loader_path/../Frameworks";
				PRODUCT_NAME = "$(TARGET_NAME)";
				SWIFT_VERSION = 3.0;
			};
			name = Release;
		};
/* End XCBuildConfiguration section */

/* Begin XCConfigurationList section */
		AF7BD4151F27B65A004C233C /* Build configuration list for PBXProject "Projet3" */ = {
			isa = XCConfigurationList;
			buildConfigurations = (
				AF7BD41F1F27B65A004C233C /* Debug */,
				AF7BD4201F27B65A004C233C /* Release */,
			);
			defaultConfigurationIsVisible = 0;
			defaultConfigurationName = Release;
		};
		AF7BD4211F27B65A004C233C /* Build configuration list for PBXNativeTarget "Projet3" */ = {
			isa = XCConfigurationList;
			buildConfigurations = (
				AF7BD4221F27B65A004C233C /* Debug */,
				AF7BD4231F27B65A004C233C /* Release */,
			);
			defaultConfigurationIsVisible = 0;
			defaultConfigurationName = Release;
		};
/* End XCConfigurationList section */
	};
	rootObject = AF7BD4121F27B65A004C233C /* Project object */;
}
